
Microsoft Visual Studio Solution File, Format Version 12.00
# Visual Studio 14
VisualStudioVersion = 14.0.25420.1
MinimumVisualStudioVersion = 10.0.40219.1
Project("{FAE04EC0-301F-11D3-BF4B-00C04F79EFBC}") = "RobotConsoleApplication", "RobotConsoleApplication\RobotConsoleApplication.csproj", "{2641DBBB-8551-4AA9-B84B-1AC59BB40D5E}"
EndProject
Project("{FAE04EC0-301F-11D3-BF4B-00C04F79EFBC}") = "SDKClassLibrary", "SDKClassLibrary\SDKClassLibrary.csproj", "{6431CD9E-85EC-425E-8370-A227D24B87A3}"
EndProject
Project("{2150E333-8FDC-42A3-9474-1A3956D46DE8}") = "Solution Items", "Solution Items", "{53D2DCA6-082F-4826-8800-6DBE1AE4D3E8}"
	ProjectSection(SolutionItems) = preProject
		README.txt = README.txt
	EndProjectSection
EndProject
Global
	GlobalSection(SolutionConfigurationPlatforms) = preSolution
		Debug|Any CPU = Debug|Any CPU
		Release|Any CPU = Release|Any CPU
	EndGlobalSection
	GlobalSection(ProjectConfigurationPlatforms) = postSolution
		{2641DBBB-8551-4AA9-B84B-1AC59BB40D5E}.Debug|Any CPU.ActiveCfg = Debug|Any CPU
		{2641DBBB-8551-4AA9-B84B-1AC59BB40D5E}.Debug|Any CPU.Build.0 = Debug|Any CPU
		{2641DBBB-8551-4AA9-B84B-1AC59BB40D5E}.Release|Any CPU.ActiveCfg = Release|Any CPU
		{2641DBBB-8551-4AA9-B84B-1AC59BB40D5E}.Release|Any CPU.Build.0 = Release|Any CPU
		{6431CD9E-85EC-425E-8370-A227D24B87A3}.Debug|Any CPU.ActiveCfg = Debug|Any CPU
		{6431CD9E-85EC-425E-8370-A227D24B87A3}.Debug|Any CPU.Build.0 = Debug|Any CPU
		{6431CD9E-85EC-425E-8370-A227D24B87A3}.Release|Any CPU.ActiveCfg = Release|Any CPU
		{6431CD9E-85EC-425E-8370-A227D24B87A3}.Release|Any CPU.Build.0 = Release|Any CPU
	EndGlobalSection
	GlobalSection(SolutionProperties) = preSolution
		HideSolutionNode = FALSE
	EndGlobalSection
EndGlobal
